# This file is automatically @generated by Cargo.
# It is not intended for manual editing.
version = 4

[[package]]
name = "bootloader-bios"
version = "0.1.0"
dependencies = [
 "htmos-boot-info",
]

[[package]]
name = "htmos-boot-info"
version = "0.9.3"
source = "registry+https://github.com/rust-lang/crates.io-index"
checksum = "b654ec394895c17073de56f883debd6fa075e21ab12ca7d3c6bdff3b8768583a"
