# This file is automatically @generated by Cargo.
# It is not intended for manual editing.
version = 4

[[package]]
name = "aarch64-cpu"
version = "11.2.0"
source = "registry+https://github.com/rust-lang/crates.io-index"
checksum = "44171e22925ec72b63d86747bc3655c7849a5b8d865c980222128839f45ac034"
dependencies = [
 "tock-registers",
]

[[package]]
name = "aho-corasick"
version = "1.1.4"
source = "registry+https://github.com/rust-lang/crates.io-index"
checksum = "ddd31a130427c27518df266943a5308ed92d4b226cc639f5a8f1002816174301"
dependencies = [
 "memchr",
]

[[package]]
name = "autocfg"
version = "1.5.0"
source = "registry+https://github.com/rust-lang/crates.io-index"
checksum = "c08606f8c3cbf4ce6ec8e28fb0014a2c086708fe954eaa885384a6165172e7e8"

[[package]]
name = "az"
version = "1.2.1"
source = "registry+https://github.com/rust-lang/crates.io-index"
checksum = "7b7e4c2464d97fe331d41de9d5db0def0a96f4d823b8b32a2efd503578988973"

[[package]]
name = "bit_field"
version = "0.10.3"
source = "registry+https://github.com/rust-lang/crates.io-index"
checksum = "1e4b40c7323adcfc0a41c4b88143ed58346ff65a288fc144329c5c45e05d70c6"

[[package]]
name = "bitflags"
version = "2.11.1"
source = "registry+https://github.com/rust-lang/crates.io-index"
checksum = "c4512299f36f043ab09a583e57bceb5a5aab7a73db1805848e8fef3c9e8c78b3"

[[package]]
name = "byteorder"
version = "1.5.0"
source = "registry+https://github.com/rust-lang/crates.io-index"
checksum = "1fd0f2584146f6f2ef48085050886acf353beff7305ebd1ae69500e27c67f64b"

[[package]]
name = "const_fn"
version = "0.4.12"
source = "registry+https://github.com/rust-lang/crates.io-index"
checksum = "413d67b29ef1021b4d60f4aa1e925ca031751e213832b4b1d588fae623c05c60"

[[package]]
name = "core_maths"
version = "0.1.1"
source = "registry+https://github.com/rust-lang/crates.io-index"
checksum = "77745e017f5edba1a9c1d854f6f3a52dac8a12dd5af5d2f54aecf61e43d80d30"
dependencies = [
 "libm",
]

[[package]]
name = "critical-section"
version = "1.2.0"
source = "registry+https://github.com/rust-lang/crates.io-index"
checksum = "790eea4361631c5e7d22598ecd5723ff611904e3344ce8720784c93e3d83d40b"

[[package]]
name = "embedded-graphics"
version = "0.8.2"
source = "registry+https://github.com/rust-lang/crates.io-index"
checksum = "4e8da660bb0c829b34a56a965490597f82a55e767b91f9543be80ce8ccb416fe"
dependencies = [
 "az",
 "byteorder",
 "embedded-graphics-core",
 "float-cmp",
 "micromath",
]

[[package]]
name = "embedded-graphics-core"
version = "0.4.1"
source = "registry+https://github.com/rust-lang/crates.io-index"
checksum = "95743bef3ff70fcba3930246c4e6872882bbea0dcc6da2ca860112e0cd4bd09f"
dependencies = [
 "az",
 "byteorder",
]

[[package]]
name = "embedded-hal"
version = "1.0.0"
source = "registry+https://github.com/rust-lang/crates.io-index"
checksum = "361a90feb7004eca4019fb28352a9465666b24f840f5c3cddf0ff13920590b89"

[[package]]
name = "float-cmp"
version = "0.9.0"
source = "registry+https://github.com/rust-lang/crates.io-index"
checksum = "98de4bbd547a563b716d8dfa9aad1cb19bfab00f4fa09a6a4ed21dbcf44ce9c4"
dependencies = [
 "num-traits",
]

[[package]]
name = "fnv"
version = "1.0.7"
source = "registry+https://github.com/rust-lang/crates.io-index"
checksum = "3f9eec918d3f24069decb9af1554cad7c880e2da24a9afd88aca000531ab82c1"

[[package]]
name = "htmkrnl"
version = "0.0.0"
dependencies = [
 "aarch64-cpu",
 "embedded-graphics",
 "htmos-boot-info",
 "lazy_static",
 "libm",
 "logos",
 "pc-keyboard",
 "pic8259",
 "r-efi",
 "raw-acpi",
 "riscv",
 "spin 0.10.0",
 "tinybmp",
 "ttf-parser",
 "typed-arena",
 "widestring",
 "x86_64",
]

[[package]]
name = "htmos-boot-info"
version = "0.9.1"
source = "registry+https://github.com/rust-lang/crates.io-index"
checksum = "043373163e6eb0fb91d4e4e1a7f04c0aeecd1d6a9ba6a77315b221c85d3a1c8f"

[[package]]
name = "lazy_static"
version = "1.5.0"
source = "registry+https://github.com/rust-lang/crates.io-index"
checksum = "bbd2bcb4c963f2ddae06a2efc7e9f3591312473c50c6685e1f298068316e66fe"
dependencies = [
 "spin 0.9.8",
]

[[package]]
name = "libm"
version = "0.2.16"
source = "registry+https://github.com/rust-lang/crates.io-index"
checksum = "b6d2cec3eae94f9f509c767b45932f1ada8350c4bdb85af2fcab4a3c14807981"

[[package]]
name = "lock_api"
version = "0.4.14"
source = "registry+https://github.com/rust-lang/crates.io-index"
checksum = "224399e74b87b5f3557511d98dff8b14089b3dadafcab6bb93eab67d3aace965"
dependencies = [
 "scopeguard",
]

[[package]]
name = "logos"
version = "0.16.1"
source = "registry+https://github.com/rust-lang/crates.io-index"
checksum = "eb2c55a318a87600ea870ff8c2012148b44bf18b74fad48d0f835c38c7d07c5f"
dependencies = [
 "logos-derive",
]

[[package]]
name = "logos-codegen"
version = "0.16.1"
source = "registry+https://github.com/rust-lang/crates.io-index"
checksum = "58b3ffaa284e1350d017a57d04ada118c4583cf260c8fb01e0fe28a2e9cf8970"
dependencies = [
 "fnv",
 "proc-macro2",
 "quote",
 "regex-automata",
 "regex-syntax",
 "syn",
]

[[package]]
name = "logos-derive"
version = "0.16.1"
source = "registry+https://github.com/rust-lang/crates.io-index"
checksum = "52d3a9855747c17eaf4383823f135220716ab49bea5fbea7dd42cc9a92f8aa31"
dependencies = [
 "logos-codegen",
]

[[package]]
name = "memchr"
version = "2.8.0"
source = "registry+https://github.com/rust-lang/crates.io-index"
checksum = "f8ca58f447f06ed17d5fc4043ce1b10dd205e060fb3ce5b979b8ed8e59ff3f79"

[[package]]
name = "micromath"
version = "2.1.0"
source = "registry+https://github.com/rust-lang/crates.io-index"
checksum = "c3c8dda44ff03a2f238717214da50f65d5a53b45cd213a7370424ffdb6fae815"

[[package]]
name = "num-traits"
version = "0.2.19"
source = "registry+https://github.com/rust-lang/crates.io-index"
checksum = "071dfc062690e90b734c0b2273ce72ad0ffa95f0c74596bc250dcfd960262841"
dependencies = [
 "autocfg",
]

[[package]]
name = "paste"
version = "1.0.15"
source = "registry+https://github.com/rust-lang/crates.io-index"
checksum = "57c0d7b74b563b49d38dae00a0c37d4d6de9b432382b2892f0574ddcae73fd0a"

[[package]]
name = "pc-keyboard"
version = "0.9.0"
source = "registry+https://github.com/rust-lang/crates.io-index"
checksum = "73c53b65bbadd653c9d125e745d2659a3a060539b17d96ab1c59f9f5bfdacce5"

[[package]]
name = "pic8259"
version = "0.11.0"
source = "registry+https://github.com/rust-lang/crates.io-index"
checksum = "62d9a86c292b165f757e47e7fd66855def189b2564609bc4203727b27c33db22"
dependencies = [
 "x86_64",
]

[[package]]
name = "proc-macro2"
version = "1.0.106"
source = "registry+https://github.com/rust-lang/crates.io-index"
checksum = "8fd00f0bb2e90d81d1044c2b32617f68fcb9fa3bb7640c23e9c748e53fb30934"
dependencies = [
 "unicode-ident",
]

[[package]]
name = "quote"
version = "1.0.45"
source = "registry+https://github.com/rust-lang/crates.io-index"
checksum = "41f2619966050689382d2b44f664f4bc593e129785a36d6ee376ddf37259b924"
dependencies = [
 "proc-macro2",
]

[[package]]
name = "r-efi"
version = "6.0.0"
source = "registry+https://github.com/rust-lang/crates.io-index"
checksum = "f8dcc9c7d52a811697d2151c701e0d08956f92b0e24136cf4cf27b57a6a0d9bf"

[[package]]
name = "raw-acpi"
version = "0.0.2"
source = "registry+https://github.com/rust-lang/crates.io-index"
checksum = "9ad83bbe96d76409700d106ef80dc3eb239317a04b9c04d73fc9a635cf30fdd7"

[[package]]
name = "regex-automata"
version = "0.4.14"
source = "registry+https://github.com/rust-lang/crates.io-index"
checksum = "6e1dd4122fc1595e8162618945476892eefca7b88c52820e74af6262213cae8f"
dependencies = [
 "aho-corasick",
 "memchr",
 "regex-syntax",
]

[[package]]
name = "regex-syntax"
version = "0.8.10"
source = "registry+https://github.com/rust-lang/crates.io-index"
checksum = "dc897dd8d9e8bd1ed8cdad82b5966c3e0ecae09fb1907d58efaa013543185d0a"

[[package]]
name = "riscv"
version = "0.16.0"
source = "registry+https://github.com/rust-lang/crates.io-index"
checksum = "9251433e48c39d2133cbaff3ae7809ce6a1ecbc8225ca7da33d96d10cf360582"
dependencies = [
 "critical-section",
 "embedded-hal",
 "paste",
 "riscv-macros",
 "riscv-types",
]

[[package]]
name = "riscv-macros"
version = "0.4.0"
source = "registry+https://github.com/rust-lang/crates.io-index"
checksum = "d47d1fb716349455b8e5e3ebbf1eff95344dbdf9f782a4e1359d2f16f51e3dce"
dependencies = [
 "proc-macro2",
 "quote",
 "syn",
]

[[package]]
name = "riscv-types"
version = "0.1.0"
source = "registry+https://github.com/rust-lang/crates.io-index"
checksum = "d3f2ad9f15a07f4a0e1677124f9120ce7e83ab7e1ca7186af0ca9da529b62e80"

[[package]]
name = "rustversion"
version = "1.0.22"
source = "registry+https://github.com/rust-lang/crates.io-index"
checksum = "b39cdef0fa800fc44525c84ccb54a029961a8215f9619753635a9c0d2538d46d"

[[package]]
name = "scopeguard"
version = "1.2.0"
source = "registry+https://github.com/rust-lang/crates.io-index"
checksum = "94143f37725109f92c262ed2cf5e59bce7498c01bcc1502d7b9afe439a4e9f49"

[[package]]
name = "spin"
version = "0.9.8"
source = "registry+https://github.com/rust-lang/crates.io-index"
checksum = "6980e8d7511241f8acf4aebddbb1ff938df5eebe98691418c4468d0b72a96a67"

[[package]]
name = "spin"
version = "0.10.0"
source = "registry+https://github.com/rust-lang/crates.io-index"
checksum = "d5fe4ccb98d9c292d56fec89a5e07da7fc4cf0dc11e156b41793132775d3e591"
dependencies = [
 "lock_api",
]

[[package]]
name = "syn"
version = "2.0.117"
source = "registry+https://github.com/rust-lang/crates.io-index"
checksum = "e665b8803e7b1d2a727f4023456bbbbe74da67099c585258af0ad9c5013b9b99"
dependencies = [
 "proc-macro2",
 "quote",
 "unicode-ident",
]

[[package]]
name = "tinybmp"
version = "0.7.0"
source = "registry+https://github.com/rust-lang/crates.io-index"
checksum = "acb540c3e6f049f914d9c3eaf86ca415e264cf42d2b25bb5c24241af1a1e3aea"
dependencies = [
 "embedded-graphics",
]

[[package]]
name = "tock-registers"
version = "0.10.1"
source = "registry+https://github.com/rust-lang/crates.io-index"
checksum = "8d2d250f87fb3fb6f225c907cf54381509f47b40b74b1d1f12d2dccbc915bdfe"

[[package]]
name = "ttf-parser"
version = "0.25.1"
source = "registry+https://github.com/rust-lang/crates.io-index"
checksum = "d2df906b07856748fa3f6e0ad0cbaa047052d4a7dd609e231c4f72cee8c36f31"
dependencies = [
 "core_maths",
]

[[package]]
name = "typed-arena"
version = "2.0.2"
source = "registry+https://github.com/rust-lang/crates.io-index"
checksum = "6af6ae20167a9ece4bcb41af5b80f8a1f1df981f6391189ce00fd257af04126a"

[[package]]
name = "unicode-ident"
version = "1.0.24"
source = "registry+https://github.com/rust-lang/crates.io-index"
checksum = "e6e4313cd5fcd3dad5cafa179702e2b244f760991f45397d14d4ebf38247da75"

[[package]]
name = "volatile"
version = "0.4.6"
source = "registry+https://github.com/rust-lang/crates.io-index"
checksum = "442887c63f2c839b346c192d047a7c87e73d0689c9157b00b53dcc27dd5ea793"

[[package]]
name = "widestring"
version = "1.2.1"
source = "registry+https://github.com/rust-lang/crates.io-index"
checksum = "72069c3113ab32ab29e5584db3c6ec55d416895e60715417b5b883a357c3e471"

[[package]]
name = "x86_64"
version = "0.15.4"
source = "registry+https://github.com/rust-lang/crates.io-index"
checksum = "f7841fa0098ceb15c567d93d3fae292c49e10a7662b4936d5f6a9728594555ba"
dependencies = [
 "bit_field",
 "bitflags",
 "const_fn",
 "rustversion",
 "volatile",
]
