# This file is automatically @generated by Cargo.
# It is not intended for manual editing.
version = 4

[[package]]
name = "htmkrnl"
version = "0.1.0"
dependencies = [
 "htmos-boot-info",
 "r-efi",
]

[[package]]
name = "htmos-boot-info"
version = "0.9.0"
source = "registry+https://github.com/rust-lang/crates.io-index"
checksum = "d2637a7e203dfe2673637d830c506e2de928e8aabd81416bc3cd8a11c45b1129"

[[package]]
name = "r-efi"
version = "5.3.0"
source = "registry+https://github.com/rust-lang/crates.io-index"
checksum = "69cdb34c158ceb288df11e18b4bd39de994f6657d83847bdffdbd7f346754b0f"
